
Microsoft Visual Studio Solution File, Format Version 12.00
# Visual Studio 14
VisualStudioVersion = 14.0.25420.1
MinimumVisualStudioVersion = 10.0.40219.1
Project("{FAE04EC0-301F-11D3-BF4B-00C04F79EFBC}") = "01-Common", "01-Delegate\01-Common.csproj", "{946DDB90-7CB5-48FE-8522-8E9B9B65225E}"
EndProject
Project("{FAE04EC0-301F-11D3-BF4B-00C04F79EFBC}") = "02-Student", "02-Delegate\02-Student.csproj", "{082F6950-927B-490B-83A2-38F764C90814}"
EndProject
Project("{FAE04EC0-301F-11D3-BF4B-00C04F79EFBC}") = "03-Teacher", "03-Teacher\03-Teacher.csproj", "{664B15EB-9B86-4A27-9EE7-EEEA5E57D80B}"
EndProject
Global
	GlobalSection(SolutionConfigurationPlatforms) = preSolution
		Debug|Any CPU = Debug|Any CPU
		Release|Any CPU = Release|Any CPU
	EndGlobalSection
	GlobalSection(ProjectConfigurationPlatforms) = postSolution
		{946DDB90-7CB5-48FE-8522-8E9B9B65225E}.Debug|Any CPU.ActiveCfg = Debug|Any CPU
		{946DDB90-7CB5-48FE-8522-8E9B9B65225E}.Debug|Any CPU.Build.0 = Debug|Any CPU
		{946DDB90-7CB5-48FE-8522-8E9B9B65225E}.Release|Any CPU.ActiveCfg = Release|Any CPU
		{946DDB90-7CB5-48FE-8522-8E9B9B65225E}.Release|Any CPU.Build.0 = Release|Any CPU
		{082F6950-927B-490B-83A2-38F764C90814}.Debug|Any CPU.ActiveCfg = Debug|Any CPU
		{082F6950-927B-490B-83A2-38F764C90814}.Debug|Any CPU.Build.0 = Debug|Any CPU
		{082F6950-927B-490B-83A2-38F764C90814}.Release|Any CPU.ActiveCfg = Release|Any CPU
		{082F6950-927B-490B-83A2-38F764C90814}.Release|Any CPU.Build.0 = Release|Any CPU
		{664B15EB-9B86-4A27-9EE7-EEEA5E57D80B}.Debug|Any CPU.ActiveCfg = Debug|Any CPU
		{664B15EB-9B86-4A27-9EE7-EEEA5E57D80B}.Debug|Any CPU.Build.0 = Debug|Any CPU
		{664B15EB-9B86-4A27-9EE7-EEEA5E57D80B}.Release|Any CPU.ActiveCfg = Release|Any CPU
		{664B15EB-9B86-4A27-9EE7-EEEA5E57D80B}.Release|Any CPU.Build.0 = Release|Any CPU
	EndGlobalSection
	GlobalSection(SolutionProperties) = preSolution
		HideSolutionNode = FALSE
	EndGlobalSection
EndGlobal
